Microsoft Visual Studio Solution File, Format Version 12.00
# Visual Studio Version 17
VisualStudioVersion = 17.5.2.0
MinimumVisualStudioVersion = 10.0.40219.1
Project("{FAE04EC0-301F-11D3-BF4B-00C04F79EFBC}") = "cdx2cyto", "cdx2cyto.csproj", "{752E50F0-0464-D1C3-1200-05E3AF463259}"
EndProject
Global
	GlobalSection(SolutionConfigurationPlatforms) = preSolution
		Debug|Any CPU = Debug|Any CPU
		Release|Any CPU = Release|Any CPU
	EndGlobalSection
	GlobalSection(ProjectConfigurationPlatforms) = postSolution
		{752E50F0-0464-D1C3-1200-05E3AF463259}.Debug|Any CPU.ActiveCfg = Debug|Any CPU
		{752E50F0-0464-D1C3-1200-05E3AF463259}.Debug|Any CPU.Build.0 = Debug|Any CPU
		{752E50F0-0464-D1C3-1200-05E3AF463259}.Release|Any CPU.ActiveCfg = Release|Any CPU
		{752E50F0-0464-D1C3-1200-05E3AF463259}.Release|Any CPU.Build.0 = Release|Any CPU
	EndGlobalSection
	GlobalSection(SolutionProperties) = preSolution
		HideSolutionNode = FALSE
	EndGlobalSection
	GlobalSection(ExtensibilityGlobals) = postSolution
		SolutionGuid = {02CD9D02-5241-4719-B136-68A1C0389D6A}
	EndGlobalSection
EndGlobal
